
Microsoft Visual Studio Solution File, Format Version 12.00
# Visual Studio Version 17
VisualStudioVersion = 17.9.34714.143
MinimumVisualStudioVersion = 10.0.40219.1
Project("{FAE04EC0-301F-11D3-BF4B-00C04F79EFBC}") = "STRAHChsLocalizationHelper", "STRAHChsLocalizationHelper\STRAHChsLocalizationHelper.csproj", "{4354E137-AD84-469B-B025-DC14D9FE03DC}"
EndProject
Project("{9A19103F-16F7-4668-BE54-9A1E7A4F7556}") = "AssetStudio", "AssetStudio\AssetStudio\AssetStudio.csproj", "{D73908F1-C5DB-4D87-AD78-3F03722FAD9D}"
EndProject
Project("{9A19103F-16F7-4668-BE54-9A1E7A4F7556}") = "AssetStudioFBXWrapper", "AssetStudio\AssetStudioFBXWrapper\AssetStudioFBXWrapper.csproj", "{D445BB1C-28AA-422F-BFF7-8E1DC6F815CD}"
EndProject
Project("{9A19103F-16F7-4668-BE54-9A1E7A4F7556}") = "AssetStudioUtility", "AssetStudio\AssetStudioUtility\AssetStudioUtility.csproj", "{C8CC6B29-82BA-4AB5-8A3A-BC60CA2BD1F5}"
EndProject
Project("{9A19103F-16F7-4668-BE54-9A1E7A4F7556}") = "AssetStudio.PInvoke", "AssetStudio\AssetStudio.PInvoke\AssetStudio.PInvoke.csproj", "{5C7C6155-472C-438D-B9F8-FA4CE276A42A}"
EndProject
Project("{8BC9CEB8-8B4A-11D0-8D11-00A0C91BC942}") = "AssetStudioFBXNative", "AssetStudio\AssetStudioFBXNative\AssetStudioFBXNative.vcxproj", "{11EA25A3-ED68-40EE-A9D0-7FDE3B583027}"
EndProject
Project("{8BC9CEB8-8B4A-11D0-8D11-00A0C91BC942}") = "Texture2DDecoderNative", "AssetStudio\Texture2DDecoderNative\Texture2DDecoderNative.vcxproj", "{29356642-C46E-4144-83D8-22DC09D0D7FD}"
EndProject
Project("{9A19103F-16F7-4668-BE54-9A1E7A4F7556}") = "Texture2DDecoderWrapper", "AssetStudio\Texture2DDecoderWrapper\Texture2DDecoderWrapper.csproj", "{CCCD62A2-21A8-43A6-B097-D12F688927BA}"
EndProject
Project("{FAE04EC0-301F-11D3-BF4B-00C04F79EFBC}") = "BundleHelper", "BundleHelper\BundleHelper\BundleHelper.csproj", "{CB2FFB1C-6E0C-4882-83D3-86796356F33C}"
EndProject
Project("{FAE04EC0-301F-11D3-BF4B-00C04F79EFBC}") = "LibCPK", "CriPakTools\LibCPK\LibCPK.csproj", "{BA3A00E4-4F51-4AB4-A8FB-F4B64A874449}"
EndProject
Project("{8BC9CEB8-8B4A-11D0-8D11-00A0C91BC942}") = "LibCRIComp", "CriPakTools\LibCRIComp\LibCRIComp.vcxproj", "{E5829A5B-E121-41AA-A84B-E7B4C8DBDF30}"
EndProject
Global
	GlobalSection(SolutionConfigurationPlatforms) = preSolution
		Debug|Any CPU = Debug|Any CPU
		Debug|x64 = Debug|x64
		Debug|x86 = Debug|x86
		Release|Any CPU = Release|Any CPU
		Release|x64 = Release|x64
		Release|x86 = Release|x86
	EndGlobalSection
	GlobalSection(ProjectConfigurationPlatforms) = postSolution
		{4354E137-AD84-469B-B025-DC14D9FE03DC}.Debug|Any CPU.ActiveCfg = Debug|Any CPU
		{4354E137-AD84-469B-B025-DC14D9FE03DC}.Debug|Any CPU.Build.0 = Debug|Any CPU
		{4354E137-AD84-469B-B025-DC14D9FE03DC}.Debug|x64.ActiveCfg = Debug|Any CPU
		{4354E137-AD84-469B-B025-DC14D9FE03DC}.Debug|x64.Build.0 = Debug|Any CPU
		{4354E137-AD84-469B-B025-DC14D9FE03DC}.Debug|x86.ActiveCfg = Debug|Any CPU
		{4354E137-AD84-469B-B025-DC14D9FE03DC}.Debug|x86.Build.0 = Debug|Any CPU
		{4354E137-AD84-469B-B025-DC14D9FE03DC}.Release|Any CPU.ActiveCfg = Release|Any CPU
		{4354E137-AD84-469B-B025-DC14D9FE03DC}.Release|Any CPU.Build.0 = Release|Any CPU
		{4354E137-AD84-469B-B025-DC14D9FE03DC}.Release|x64.ActiveCfg = Release|Any CPU
		{4354E137-AD84-469B-B025-DC14D9FE03DC}.Release|x64.Build.0 = Release|Any CPU
		{4354E137-AD84-469B-B025-DC14D9FE03DC}.Release|x86.ActiveCfg = Release|Any CPU
		{4354E137-AD84-469B-B025-DC14D9FE03DC}.Release|x86.Build.0 = Release|Any CPU
		{D73908F1-C5DB-4D87-AD78-3F03722FAD9D}.Debug|Any CPU.ActiveCfg = Debug|Any CPU
		{D73908F1-C5DB-4D87-AD78-3F03722FAD9D}.Debug|Any CPU.Build.0 = Debug|Any CPU
		{D73908F1-C5DB-4D87-AD78-3F03722FAD9D}.Debug|x64.ActiveCfg = Debug|Any CPU
		{D73908F1-C5DB-4D87-AD78-3F03722FAD9D}.Debug|x64.Build.0 = Debug|Any CPU
		{D73908F1-C5DB-4D87-AD78-3F03722FAD9D}.Debug|x86.ActiveCfg = Debug|Any CPU
		{D73908F1-C5DB-4D87-AD78-3F03722FAD9D}.Debug|x86.Build.0 = Debug|Any CPU
		{D73908F1-C5DB-4D87-AD78-3F03722FAD9D}.Release|Any CPU.ActiveCfg = Release|Any CPU
		{D73908F1-C5DB-4D87-AD78-3F03722FAD9D}.Release|Any CPU.Build.0 = Release|Any CPU
		{D73908F1-C5DB-4D87-AD78-3F03722FAD9D}.Release|x64.ActiveCfg = Release|Any CPU
		{D73908F1-C5DB-4D87-AD78-3F03722FAD9D}.Release|x64.Build.0 = Release|Any CPU
		{D73908F1-C5DB-4D87-AD78-3F03722FAD9D}.Release|x86.ActiveCfg = Release|Any CPU
		{D73908F1-C5DB-4D87-AD78-3F03722FAD9D}.Release|x86.Build.0 = Release|Any CPU
		{D445BB1C-28AA-422F-BFF7-8E1DC6F815CD}.Debug|Any CPU.ActiveCfg = Debug|Any CPU
		{D445BB1C-28AA-422F-BFF7-8E1DC6F815CD}.Debug|Any CPU.Build.0 = Debug|Any CPU
		{D445BB1C-28AA-422F-BFF7-8E1DC6F815CD}.Debug|x64.ActiveCfg = Debug|Any CPU
		{D445BB1C-28AA-422F-BFF7-8E1DC6F815CD}.Debug|x64.Build.0 = Debug|Any CPU
		{D445BB1C-28AA-422F-BFF7-8E1DC6F815CD}.Debug|x86.ActiveCfg = Debug|Any CPU
		{D445BB1C-28AA-422F-BFF7-8E1DC6F815CD}.Debug|x86.Build.0 = Debug|Any CPU
		{D445BB1C-28AA-422F-BFF7-8E1DC6F815CD}.Release|Any CPU.ActiveCfg = Release|Any CPU
		{D445BB1C-28AA-422F-BFF7-8E1DC6F815CD}.Release|Any CPU.Build.0 = Release|Any CPU
		{D445BB1C-28AA-422F-BFF7-8E1DC6F815CD}.Release|x64.ActiveCfg = Release|Any CPU
		{D445BB1C-28AA-422F-BFF7-8E1DC6F815CD}.Release|x64.Build.0 = Release|Any CPU
		{D445BB1C-28AA-422F-BFF7-8E1DC6F815CD}.Release|x86.ActiveCfg = Release|Any CPU
		{D445BB1C-28AA-422F-BFF7-8E1DC6F815CD}.Release|x86.Build.0 = Release|Any CPU
		{C8CC6B29-82BA-4AB5-8A3A-BC60CA2BD1F5}.Debug|Any CPU.ActiveCfg = Debug|Any CPU
		{C8CC6B29-82BA-4AB5-8A3A-BC60CA2BD1F5}.Debug|Any CPU.Build.0 = Debug|Any CPU
		{C8CC6B29-82BA-4AB5-8A3A-BC60CA2BD1F5}.Debug|x64.ActiveCfg = Debug|Any CPU
		{C8CC6B29-82BA-4AB5-8A3A-BC60CA2BD1F5}.Debug|x64.Build.0 = Debug|Any CPU
		{C8CC6B29-82BA-4AB5-8A3A-BC60CA2BD1F5}.Debug|x86.ActiveCfg = Debug|Any CPU
		{C8CC6B29-82BA-4AB5-8A3A-BC60CA2BD1F5}.Debug|x86.Build.0 = Debug|Any CPU
		{C8CC6B29-82BA-4AB5-8A3A-BC60CA2BD1F5}.Release|Any CPU.ActiveCfg = Release|Any CPU
		{C8CC6B29-82BA-4AB5-8A3A-BC60CA2BD1F5}.Release|Any CPU.Build.0 = Release|Any CPU
		{C8CC6B29-82BA-4AB5-8A3A-BC60CA2BD1F5}.Release|x64.ActiveCfg = Release|Any CPU
		{C8CC6B29-82BA-4AB5-8A3A-BC60CA2BD1F5}.Release|x64.Build.0 = Release|Any CPU
		{C8CC6B29-82BA-4AB5-8A3A-BC60CA2BD1F5}.Release|x86.ActiveCfg = Release|Any CPU
		{C8CC6B29-82BA-4AB5-8A3A-BC60CA2BD1F5}.Release|x86.Build.0 = Release|Any CPU
		{5C7C6155-472C-438D-B9F8-FA4CE276A42A}.Debug|Any CPU.ActiveCfg = Debug|Any CPU
		{5C7C6155-472C-438D-B9F8-FA4CE276A42A}.Debug|Any CPU.Build.0 = Debug|Any CPU
		{5C7C6155-472C-438D-B9F8-FA4CE276A42A}.Debug|x64.ActiveCfg = Debug|Any CPU
		{5C7C6155-472C-438D-B9F8-FA4CE276A42A}.Debug|x64.Build.0 = Debug|Any CPU
		{5C7C6155-472C-438D-B9F8-FA4CE276A42A}.Debug|x86.ActiveCfg = Debug|Any CPU
		{5C7C6155-472C-438D-B9F8-FA4CE276A42A}.Debug|x86.Build.0 = Debug|Any CPU
		{5C7C6155-472C-438D-B9F8-FA4CE276A42A}.Release|Any CPU.ActiveCfg = Release|Any CPU
		{5C7C6155-472C-438D-B9F8-FA4CE276A42A}.Release|Any CPU.Build.0 = Release|Any CPU
		{5C7C6155-472C-438D-B9F8-FA4CE276A42A}.Release|x64.ActiveCfg = Release|Any CPU
		{5C7C6155-472C-438D-B9F8-FA4CE276A42A}.Release|x64.Build.0 = Release|Any CPU
		{5C7C6155-472C-438D-B9F8-FA4CE276A42A}.Release|x86.ActiveCfg = Release|Any CPU
		{5C7C6155-472C-438D-B9F8-FA4CE276A42A}.Release|x86.Build.0 = Release|Any CPU
		{11EA25A3-ED68-40EE-A9D0-7FDE3B583027}.Debug|Any CPU.ActiveCfg = Debug|x64
		{11EA25A3-ED68-40EE-A9D0-7FDE3B583027}.Debug|Any CPU.Build.0 = Debug|x64
		{11EA25A3-ED68-40EE-A9D0-7FDE3B583027}.Debug|x64.ActiveCfg = Debug|x64
		{11EA25A3-ED68-40EE-A9D0-7FDE3B583027}.Debug|x64.Build.0 = Debug|x64
		{11EA25A3-ED68-40EE-A9D0-7FDE3B583027}.Debug|x86.ActiveCfg = Debug|Win32
		{11EA25A3-ED68-40EE-A9D0-7FDE3B583027}.Debug|x86.Build.0 = Debug|Win32
		{11EA25A3-ED68-40EE-A9D0-7FDE3B583027}.Release|Any CPU.ActiveCfg = Release|x64
		{11EA25A3-ED68-40EE-A9D0-7FDE3B583027}.Release|Any CPU.Build.0 = Release|x64
		{11EA25A3-ED68-40EE-A9D0-7FDE3B583027}.Release|x64.ActiveCfg = Release|x64
		{11EA25A3-ED68-40EE-A9D0-7FDE3B583027}.Release|x64.Build.0 = Release|x64
		{11EA25A3-ED68-40EE-A9D0-7FDE3B583027}.Release|x86.ActiveCfg = Release|Win32
		{11EA25A3-ED68-40EE-A9D0-7FDE3B583027}.Release|x86.Build.0 = Release|Win32
		{29356642-C46E-4144-83D8-22DC09D0D7FD}.Debug|Any CPU.ActiveCfg = Debug|x64
		{29356642-C46E-4144-83D8-22DC09D0D7FD}.Debug|Any CPU.Build.0 = Debug|x64
		{29356642-C46E-4144-83D8-22DC09D0D7FD}.Debug|x64.ActiveCfg = Debug|x64
		{29356642-C46E-4144-83D8-22DC09D0D7FD}.Debug|x64.Build.0 = Debug|x64
		{29356642-C46E-4144-83D8-22DC09D0D7FD}.Debug|x86.ActiveCfg = Debug|Win32
		{29356642-C46E-4144-83D8-22DC09D0D7FD}.Debug|x86.Build.0 = Debug|Win32
		{29356642-C46E-4144-83D8-22DC09D0D7FD}.Release|Any CPU.ActiveCfg = Release|x64
		{29356642-C46E-4144-83D8-22DC09D0D7FD}.Release|Any CPU.Build.0 = Release|x64
		{29356642-C46E-4144-83D8-22DC09D0D7FD}.Release|x64.ActiveCfg = Release|x64
		{29356642-C46E-4144-83D8-22DC09D0D7FD}.Release|x64.Build.0 = Release|x64
		{29356642-C46E-4144-83D8-22DC09D0D7FD}.Release|x86.ActiveCfg = Release|Win32
		{29356642-C46E-4144-83D8-22DC09D0D7FD}.Release|x86.Build.0 = Release|Win32
		{CCCD62A2-21A8-43A6-B097-D12F688927BA}.Debug|Any CPU.ActiveCfg = Debug|Any CPU
		{CCCD62A2-21A8-43A6-B097-D12F688927BA}.Debug|Any CPU.Build.0 = Debug|Any CPU
		{CCCD62A2-21A8-43A6-B097-D12F688927BA}.Debug|x64.ActiveCfg = Debug|Any CPU
		{CCCD62A2-21A8-43A6-B097-D12F688927BA}.Debug|x64.Build.0 = Debug|Any CPU
		{CCCD62A2-21A8-43A6-B097-D12F688927BA}.Debug|x86.ActiveCfg = Debug|Any CPU
		{CCCD62A2-21A8-43A6-B097-D12F688927BA}.Debug|x86.Build.0 = Debug|Any CPU
		{CCCD62A2-21A8-43A6-B097-D12F688927BA}.Release|Any CPU.ActiveCfg = Release|Any CPU
		{CCCD62A2-21A8-43A6-B097-D12F688927BA}.Release|Any CPU.Build.0 = Release|Any CPU
		{CCCD62A2-21A8-43A6-B097-D12F688927BA}.Release|x64.ActiveCfg = Release|Any CPU
		{CCCD62A2-21A8-43A6-B097-D12F688927BA}.Release|x64.Build.0 = Release|Any CPU
		{CCCD62A2-21A8-43A6-B097-D12F688927BA}.Release|x86.ActiveCfg = Release|Any CPU
		{CCCD62A2-21A8-43A6-B097-D12F688927BA}.Release|x86.Build.0 = Release|Any CPU
		{CB2FFB1C-6E0C-4882-83D3-86796356F33C}.Debug|Any CPU.ActiveCfg = Debug|Any CPU
		{CB2FFB1C-6E0C-4882-83D3-86796356F33C}.Debug|Any CPU.Build.0 = Debug|Any CPU
		{CB2FFB1C-6E0C-4882-83D3-86796356F33C}.Debug|x64.ActiveCfg = Debug|Any CPU
		{CB2FFB1C-6E0C-4882-83D3-86796356F33C}.Debug|x64.Build.0 = Debug|Any CPU
		{CB2FFB1C-6E0C-4882-83D3-86796356F33C}.Debug|x86.ActiveCfg = Debug|Any CPU
		{CB2FFB1C-6E0C-4882-83D3-86796356F33C}.Debug|x86.Build.0 = Debug|Any CPU
		{CB2FFB1C-6E0C-4882-83D3-86796356F33C}.Release|Any CPU.ActiveCfg = Release|Any CPU
		{CB2FFB1C-6E0C-4882-83D3-86796356F33C}.Release|Any CPU.Build.0 = Release|Any CPU
		{CB2FFB1C-6E0C-4882-83D3-86796356F33C}.Release|x64.ActiveCfg = Release|Any CPU
		{CB2FFB1C-6E0C-4882-83D3-86796356F33C}.Release|x64.Build.0 = Release|Any CPU
		{CB2FFB1C-6E0C-4882-83D3-86796356F33C}.Release|x86.ActiveCfg = Release|Any CPU
		{CB2FFB1C-6E0C-4882-83D3-86796356F33C}.Release|x86.Build.0 = Release|Any CPU
		{BA3A00E4-4F51-4AB4-A8FB-F4B64A874449}.Debug|Any CPU.ActiveCfg = Debug|Any CPU
		{BA3A00E4-4F51-4AB4-A8FB-F4B64A874449}.Debug|Any CPU.Build.0 = Debug|Any CPU
		{BA3A00E4-4F51-4AB4-A8FB-F4B64A874449}.Debug|x64.ActiveCfg = Debug|Any CPU
		{BA3A00E4-4F51-4AB4-A8FB-F4B64A874449}.Debug|x64.Build.0 = Debug|Any CPU
		{BA3A00E4-4F51-4AB4-A8FB-F4B64A874449}.Debug|x86.ActiveCfg = Debug|Any CPU
		{BA3A00E4-4F51-4AB4-A8FB-F4B64A874449}.Debug|x86.Build.0 = Debug|Any CPU
		{BA3A00E4-4F51-4AB4-A8FB-F4B64A874449}.Release|Any CPU.ActiveCfg = Release|Any CPU
		{BA3A00E4-4F51-4AB4-A8FB-F4B64A874449}.Release|Any CPU.Build.0 = Release|Any CPU
		{BA3A00E4-4F51-4AB4-A8FB-F4B64A874449}.Release|x64.ActiveCfg = Release|Any CPU
		{BA3A00E4-4F51-4AB4-A8FB-F4B64A874449}.Release|x64.Build.0 = Release|Any CPU
		{BA3A00E4-4F51-4AB4-A8FB-F4B64A874449}.Release|x86.ActiveCfg = Release|Any CPU
		{BA3A00E4-4F51-4AB4-A8FB-F4B64A874449}.Release|x86.Build.0 = Release|Any CPU
		{E5829A5B-E121-41AA-A84B-E7B4C8DBDF30}.Debug|Any CPU.ActiveCfg = Debug|x64
		{E5829A5B-E121-41AA-A84B-E7B4C8DBDF30}.Debug|Any CPU.Build.0 = Debug|x64
		{E5829A5B-E121-41AA-A84B-E7B4C8DBDF30}.Debug|x64.ActiveCfg = Debug|x64
		{E5829A5B-E121-41AA-A84B-E7B4C8DBDF30}.Debug|x64.Build.0 = Debug|x64
		{E5829A5B-E121-41AA-A84B-E7B4C8DBDF30}.Debug|x86.ActiveCfg = Debug|Win32
		{E5829A5B-E121-41AA-A84B-E7B4C8DBDF30}.Debug|x86.Build.0 = Debug|Win32
		{E5829A5B-E121-41AA-A84B-E7B4C8DBDF30}.Release|Any CPU.ActiveCfg = Release|x64
		{E5829A5B-E121-41AA-A84B-E7B4C8DBDF30}.Release|Any CPU.Build.0 = Release|x64
		{E5829A5B-E121-41AA-A84B-E7B4C8DBDF30}.Release|x64.ActiveCfg = Release|x64
		{E5829A5B-E121-41AA-A84B-E7B4C8DBDF30}.Release|x64.Build.0 = Release|x64
		{E5829A5B-E121-41AA-A84B-E7B4C8DBDF30}.Release|x86.ActiveCfg = Release|Win32
		{E5829A5B-E121-41AA-A84B-E7B4C8DBDF30}.Release|x86.Build.0 = Release|Win32
	EndGlobalSection
	GlobalSection(SolutionProperties) = preSolution
		HideSolutionNode = FALSE
	EndGlobalSection
	GlobalSection(ExtensibilityGlobals) = postSolution
		SolutionGuid = {483E6313-35FF-4DEB-A34B-DC1ECB2A9D5F}
	EndGlobalSection
EndGlobal
